
Microsoft Visual Studio Solution File, Format Version 12.00
# Visual Studio Version 16
VisualStudioVersion = 16.0.29519.181
MinimumVisualStudioVersion = 10.0.40219.1
Project("{FAE04EC0-301F-11D3-BF4B-00C04F79EFBC}") = "DrawerAnimation.Android", "DrawerAnimation\DrawerAnimation.Android\DrawerAnimation.Android.csproj", "{3E310C26-B36E-41A5-B298-5A19480E4ACA}"
EndProject
Project("{FAE04EC0-301F-11D3-BF4B-00C04F79EFBC}") = "DrawerAnimation.iOS", "DrawerAnimation\DrawerAnimation.iOS\DrawerAnimation.iOS.csproj", "{9091BA10-F86B-419C-AB3B-C5CFBFAF43B9}"
EndProject
Project("{FAE04EC0-301F-11D3-BF4B-00C04F79EFBC}") = "DrawerAnimation", "DrawerAnimation\DrawerAnimation\DrawerAnimation.csproj", "{9700611B-9F70-446A-9877-98CCEEFA547E}"
EndProject
Global
	GlobalSection(SolutionConfigurationPlatforms) = preSolution
		Debug|Any CPU = Debug|Any CPU
		Debug|iPhone = Debug|iPhone
		Debug|iPhoneSimulator = Debug|iPhoneSimulator
		Release|Any CPU = Release|Any CPU
		Release|iPhone = Release|iPhone
		Release|iPhoneSimulator = Release|iPhoneSimulator
	EndGlobalSection
	GlobalSection(ProjectConfigurationPlatforms) = postSolution
		{3E310C26-B36E-41A5-B298-5A19480E4ACA}.Debug|Any CPU.ActiveCfg = Debug|Any CPU
		{3E310C26-B36E-41A5-B298-5A19480E4ACA}.Debug|Any CPU.Build.0 = Debug|Any CPU
		{3E310C26-B36E-41A5-B298-5A19480E4ACA}.Debug|Any CPU.Deploy.0 = Debug|Any CPU
		{3E310C26-B36E-41A5-B298-5A19480E4ACA}.Debug|iPhone.ActiveCfg = Debug|Any CPU
		{3E310C26-B36E-41A5-B298-5A19480E4ACA}.Debug|iPhone.Build.0 = Debug|Any CPU
		{3E310C26-B36E-41A5-B298-5A19480E4ACA}.Debug|iPhone.Deploy.0 = Debug|Any CPU
		{3E310C26-B36E-41A5-B298-5A19480E4ACA}.Debug|iPhoneSimulator.ActiveCfg = Debug|Any CPU
		{3E310C26-B36E-41A5-B298-5A19480E4ACA}.Debug|iPhoneSimulator.Build.0 = Debug|Any CPU
		{3E310C26-B36E-41A5-B298-5A19480E4ACA}.Debug|iPhoneSimulator.Deploy.0 = Debug|Any CPU
		{3E310C26-B36E-41A5-B298-5A19480E4ACA}.Release|Any CPU.ActiveCfg = Release|Any CPU
		{3E310C26-B36E-41A5-B298-5A19480E4ACA}.Release|Any CPU.Build.0 = Release|Any CPU
		{3E310C26-B36E-41A5-B298-5A19480E4ACA}.Release|Any CPU.Deploy.0 = Release|Any CPU
		{3E310C26-B36E-41A5-B298-5A19480E4ACA}.Release|iPhone.ActiveCfg = Release|Any CPU
		{3E310C26-B36E-41A5-B298-5A19480E4ACA}.Release|iPhone.Build.0 = Release|Any CPU
		{3E310C26-B36E-41A5-B298-5A19480E4ACA}.Release|iPhone.Deploy.0 = Release|Any CPU
		{3E310C26-B36E-41A5-B298-5A19480E4ACA}.Release|iPhoneSimulator.ActiveCfg = Release|Any CPU
		{3E310C26-B36E-41A5-B298-5A19480E4ACA}.Release|iPhoneSimulator.Build.0 = Release|Any CPU
		{3E310C26-B36E-41A5-B298-5A19480E4ACA}.Release|iPhoneSimulator.Deploy.0 = Release|Any CPU
		{9091BA10-F86B-419C-AB3B-C5CFBFAF43B9}.Debug|Any CPU.ActiveCfg = Debug|iPhoneSimulator
		{9091BA10-F86B-419C-AB3B-C5CFBFAF43B9}.Debug|Any CPU.Build.0 = Debug|iPhoneSimulator
		{9091BA10-F86B-419C-AB3B-C5CFBFAF43B9}.Debug|Any CPU.Deploy.0 = Debug|iPhoneSimulator
		{9091BA10-F86B-419C-AB3B-C5CFBFAF43B9}.Debug|iPhone.ActiveCfg = Debug|iPhone
		{9091BA10-F86B-419C-AB3B-C5CFBFAF43B9}.Debug|iPhone.Build.0 = Debug|iPhone
		{9091BA10-F86B-419C-AB3B-C5CFBFAF43B9}.Debug|iPhone.Deploy.0 = Debug|iPhone
		{9091BA10-F86B-419C-AB3B-C5CFBFAF43B9}.Debug|iPhoneSimulator.ActiveCfg = Debug|iPhoneSimulator
		{9091BA10-F86B-419C-AB3B-C5CFBFAF43B9}.Debug|iPhoneSimulator.Build.0 = Debug|iPhoneSimulator
		{9091BA10-F86B-419C-AB3B-C5CFBFAF43B9}.Debug|iPhoneSimulator.Deploy.0 = Debug|iPhoneSimulator
		{9091BA10-F86B-419C-AB3B-C5CFBFAF43B9}.Release|Any CPU.ActiveCfg = Release|iPhone
		{9091BA10-F86B-419C-AB3B-C5CFBFAF43B9}.Release|Any CPU.Build.0 = Release|iPhone
		{9091BA10-F86B-419C-AB3B-C5CFBFAF43B9}.Release|Any CPU.Deploy.0 = Release|iPhone
		{9091BA10-F86B-419C-AB3B-C5CFBFAF43B9}.Release|iPhone.ActiveCfg = Release|iPhone
		{9091BA10-F86B-419C-AB3B-C5CFBFAF43B9}.Release|iPhone.Build.0 = Release|iPhone
		{9091BA10-F86B-419C-AB3B-C5CFBFAF43B9}.Release|iPhone.Deploy.0 = Release|iPhone
		{9091BA10-F86B-419C-AB3B-C5CFBFAF43B9}.Release|iPhoneSimulator.ActiveCfg = Release|iPhoneSimulator
		{9091BA10-F86B-419C-AB3B-C5CFBFAF43B9}.Release|iPhoneSimulator.Build.0 = Release|iPhoneSimulator
		{9091BA10-F86B-419C-AB3B-C5CFBFAF43B9}.Release|iPhoneSimulator.Deploy.0 = Release|iPhoneSimulator
		{9700611B-9F70-446A-9877-98CCEEFA547E}.Debug|Any CPU.ActiveCfg = Debug|Any CPU
		{9700611B-9F70-446A-9877-98CCEEFA547E}.Debug|Any CPU.Build.0 = Debug|Any CPU
		{9700611B-9F70-446A-9877-98CCEEFA547E}.Debug|Any CPU.Deploy.0 = Debug|Any CPU
		{9700611B-9F70-446A-9877-98CCEEFA547E}.Debug|iPhone.ActiveCfg = Debug|Any CPU
		{9700611B-9F70-446A-9877-98CCEEFA547E}.Debug|iPhone.Build.0 = Debug|Any CPU
		{9700611B-9F70-446A-9877-98CCEEFA547E}.Debug|iPhone.Deploy.0 = Debug|Any CPU
		{9700611B-9F70-446A-9877-98CCEEFA547E}.Debug|iPhoneSimulator.ActiveCfg = Debug|Any CPU
		{9700611B-9F70-446A-9877-98CCEEFA547E}.Debug|iPhoneSimulator.Build.0 = Debug|Any CPU
		{9700611B-9F70-446A-9877-98CCEEFA547E}.Debug|iPhoneSimulator.Deploy.0 = Debug|Any CPU
		{9700611B-9F70-446A-9877-98CCEEFA547E}.Release|Any CPU.ActiveCfg = Release|Any CPU
		{9700611B-9F70-446A-9877-98CCEEFA547E}.Release|Any CPU.Build.0 = Release|Any CPU
		{9700611B-9F70-446A-9877-98CCEEFA547E}.Release|Any CPU.Deploy.0 = Release|Any CPU
		{9700611B-9F70-446A-9877-98CCEEFA547E}.Release|iPhone.ActiveCfg = Release|Any CPU
		{9700611B-9F70-446A-9877-98CCEEFA547E}.Release|iPhone.Build.0 = Release|Any CPU
		{9700611B-9F70-446A-9877-98CCEEFA547E}.Release|iPhone.Deploy.0 = Release|Any CPU
		{9700611B-9F70-446A-9877-98CCEEFA547E}.Release|iPhoneSimulator.ActiveCfg = Release|Any CPU
		{9700611B-9F70-446A-9877-98CCEEFA547E}.Release|iPhoneSimulator.Build.0 = Release|Any CPU
		{9700611B-9F70-446A-9877-98CCEEFA547E}.Release|iPhoneSimulator.Deploy.0 = Release|Any CPU
	EndGlobalSection
	GlobalSection(SolutionProperties) = preSolution
		HideSolutionNode = FALSE
	EndGlobalSection
	GlobalSection(ExtensibilityGlobals) = postSolution
		SolutionGuid = {D4E4C15E-5952-4D7E-B779-24847AD62D90}
	EndGlobalSection
EndGlobal
